// !$*UTF8*$!
{
	archiveVersion = 1;
	classes = {
	};
	objectVersion = 46;
	objects = {

/* Begin PBXBuildFile section */
		1694F7B81C8B21A40022531B /* main.m in Sources */ = {isa = PBXBuildFile; fileRef = 1694F7B71C8B21A40022531B /* main.m */; };
		1694F7BB1C8B21A40022531B /* AppDelegate.m in Sources */ = {isa = PBXBuildFile; fileRef = 1694F7BA1C8B21A40022531B /* AppDelegate.m */; };
		1694F7BE1C8B21A40022531B /* FirstViewController.m in Sources */ = {isa = PBXBuildFile; fileRef = 1694F7BD1C8B21A40022531B /* FirstViewController.m */; };
		1694F7C11C8B21A40022531B /* SecondViewController.m in Sources */ = {isa = PBXBuildFile; fileRef = 1694F7C01C8B21A40022531B /* SecondViewController.m */; };
		1694F7C41C8B21A40022531B /* Main.storyboard in Resources */ = {isa = PBXBuildFile; fileRef = 1694F7C21C8B21A40022531B /* Main.storyboard */; };
		1694F7C61C8B21A50022531B /* Assets.xcassets in Resources */ = {isa = PBXBuildFile; fileRef = 1694F7C51C8B21A50022531B /* Assets.xcassets */; };
		1694F7C91C8B21A50022531B /* LaunchScreen.storyboard in Resources */ = {isa = PBXBuildFile; fileRef = 1694F7C71C8B21A50022531B /* LaunchScreen.storyboard */; };
/* End PBXBuildFile section */

/* Begin PBXFileReference section */
		1694F7B31C8B21A40022531B /* SwiftOC.app */ = {isa = PBXFileReference; explicitFileType = wrapper.application; includeInIndex = 0; path = SwiftOC.app; sourceTree = BUILT_PRODUCTS_DIR; };
		1694F7B71C8B21A40022531B /* main.m */ = {isa = PBXFileReference; lastKnownFileType = sourcecode.c.objc; path = main.m; sourceTree = "<group>"; };
		1694F7B91C8B21A40022531B /* AppDelegate.h */ = {isa = PBXFileReference; lastKnownFileType = sourcecode.c.h; path = AppDelegate.h; sourceTree = "<group>"; };
		1694F7BA1C8B21A40022531B /* AppDelegate.m */ = {isa = PBXFileReference; lastKnownFileType = sourcecode.c.objc; path = AppDelegate.m; sourceTree = "<group>"; };
		1694F7BC1C8B21A40022531B /* FirstViewController.h */ = {isa = PBXFileReference; lastKnownFileType = sourcecode.c.h; path = FirstViewController.h; sourceTree = "<group>"; };
		1694F7BD1C8B21A40022531B /* FirstViewController.m */ = {isa = PBXFileReference; lastKnownFileType = sourcecode.c.objc; path = FirstViewController.m; sourceTree = "<group>"; };
		1694F7BF1C8B21A40022531B /* SecondViewController.h */ = {isa = PBXFileReference; lastKnownFileType = sourcecode.c.h; path = SecondViewController.h; sourceTree = "<group>"; };
		1694F7C01C8B21A40022531B /* SecondViewController.m */ = {isa = PBXFileReference; lastKnownFileType = sourcecode.c.objc; path = SecondViewController.m; sourceTree = "<group>"; };
		1694F7C31C8B21A40022531B /* Base */ = {isa = PBXFileReference; lastKnownFileType = file.storyboard; name = Base; path = Base.lproj/Main.storyboard; sourceTree = "<group>"; };
		1694F7C51C8B21A50022531B /* Assets.xcassets */ = {isa = PBXFileReference; lastKnownFileType = folder.assetcatalog; path = Assets.xcassets; sourceTree = "<group>"; };
		1694F7C81C8B21A50022531B /* Base */ = {isa = PBXFileReference; lastKnownFileType = file.storyboard; name = Base; path = Base.lproj/LaunchScreen.storyboard; sourceTree = "<group>"; };
		1694F7CA1C8B21A50022531B /* Info.plist */ = {isa = PBXFileReference; lastKnownFileType = text.plist.xml; path = Info.plist; sourceTree = "<group>"; };
/* End PBXFileReference section */

/* Begin PBXFrameworksBuildPhase section */
		1694F7B01C8B21A40022531B /* Frameworks */ = {
			isa = PBXFrameworksBuildPhase;
			buildActionMask = 2147483647;
			files = (
			);
			runOnlyForDeploymentPostprocessing = 0;
		};
/* End PBXFrameworksBuildPhase section */

/* Begin PBXGroup section */
		1694F7AA1C8B21A40022531B = {
			isa = PBXGroup;
			children = (
				1694F7B51C8B21A40022531B /* SwiftOC */,
				1694F7B41C8B21A40022531B /* Products */,
			);
			sourceTree = "<group>";
		};
		1694F7B41C8B21A40022531B /* Products */ = {
			isa = PBXGroup;
			children = (
				1694F7B31C8B21A40022531B /* SwiftOC.app */,
			);
			name = Products;
			sourceTree = "<group>";
		};
		1694F7B51C8B21A40022531B /* SwiftOC */ = {
			isa = PBXGroup;
			children = (
				1694F7B91C8B21A40022531B /* AppDelegate.h */,
				1694F7BA1C8B21A40022531B /* AppDelegate.m */,
				1694F7BC1C8B21A40022531B /* FirstViewController.h */,
				1694F7BD1C8B21A40022531B /* FirstViewController.m */,
				1694F7BF1C8B21A40022531B /* SecondViewController.h */,
				1694F7C01C8B21A40022531B /* SecondViewController.m */,
				1694F7C21C8B21A40022531B /* Main.storyboard */,
				1694F7C51C8B21A50022531B /* Assets.xcassets */,
				1694F7C71C8B21A50022531B /* LaunchScreen.storyboard */,
				1694F7CA1C8B21A50022531B /* Info.plist */,
				1694F7B61C8B21A40022531B /* Supporting Files */,
			);
			path = SwiftOC;
			sourceTree = "<group>";
		};
		1694F7B61C8B21A40022531B /* Supporting Files */ = {
			isa = PBXGroup;
			children = (
				1694F7B71C8B21A40022531B /* main.m */,
			);
			name = "Supporting Files";
			sourceTree = "<group>";
		};
/* End PBXGroup section */

/* Begin PBXNativeTarget section */
		1694F7B21C8B21A40022531B /* SwiftOC */ = {
			isa = PBXNativeTarget;
			buildConfigurationList = 1694F7CD1C8B21A50022531B /* Build configuration list for PBXNativeTarget "SwiftOC" */;
			buildPhases = (
				1694F7AF1C8B21A40022531B /* Sources */,
				1694F7B01C8B21A40022531B /* Frameworks */,
				1694F7B11C8B21A40022531B /* Resources */,
			);
			buildRules = (
			);
			dependencies = (
			);
			name = SwiftOC;
			productName = SwiftOC;
			productReference = 1694F7B31C8B21A40022531B /* SwiftOC.app */;
			productType = "com.apple.product-type.application";
		};
/* End PBXNativeTarget section */

/* Begin PBXProject section */
		1694F7AB1C8B21A40022531B /* Project object */ = {
			isa = PBXProject;
			attributes = {
				LastUpgradeCheck = 0720;
				ORGANIZATIONNAME = renjinwei;
				TargetAttributes = {
					1694F7B21C8B21A40022531B = {
						CreatedOnToolsVersion = 7.2;
					};
				};
			};
			buildConfigurationList = 1694F7AE1C8B21A40022531B /* Build configuration list for PBXProject "SwiftOC" */;
			compatibilityVersion = "Xcode 3.2";
			developmentRegion = English;
			hasScannedForEncodings = 0;
			knownRegions = (
				en,
				Base,
			);
			mainGroup = 1694F7AA1C8B21A40022531B;
			productRefGroup = 1694F7B41C8B21A40022531B /* Products */;
			projectDirPath = "";
			projectRoot = "";
			targets = (
				1694F7B21C8B21A40022531B /* SwiftOC */,
			);
		};
/* End PBXProject section */

/* Begin PBXResourcesBuildPhase section */
		1694F7B11C8B21A40022531B /* Resources */ = {
			isa = PBXResourcesBuildPhase;
			buildActionMask = 2147483647;
			files = (
				1694F7C91C8B21A50022531B /* LaunchScreen.storyboard in Resources */,
				1694F7C61C8B21A50022531B /* Assets.xcassets in Resources */,
				1694F7C41C8B21A40022531B /* Main.storyboard in Resources */,
			);
			runOnlyForDeploymentPostprocessing = 0;
		};
/* End PBXResourcesBuildPhase section */

/* Begin PBXSourcesBuildPhase section */
		1694F7AF1C8B21A40022531B /* Sources */ = {
			isa = PBXSourcesBuildPhase;
			buildActionMask = 2147483647;
			files = (
				1694F7C11C8B21A40022531B /* SecondViewController.m in Sources */,
				1694F7BB1C8B21A40022531B /* AppDelegate.m in Sources */,
				1694F7BE1C8B21A40022531B /* FirstViewController.m in Sources */,
				1694F7B81C8B21A40022531B /* main.m in Sources */,
			);
			runOnlyForDeploymentPostprocessing = 0;
		};
/* End PBXSourcesBuildPhase section */

/* Begin PBXVariantGroup section */
		1694F7C21C8B21A40022531B /* Main.storyboard */ = {
			isa = PBXVariantGroup;
			children = (
				1694F7C31C8B21A40022531B /* Base */,
			);
			name = Main.storyboard;
			sourceTree = "<group>";
		};
		1694F7C71C8B21A50022531B /* LaunchScreen.storyboard */ = {
			isa = PBXVariantGroup;
			children = (
				1694F7C81C8B21A50022531B /* Base */,
			);
			name = LaunchScreen.storyboard;
			sourceTree = "<group>";
		};
/* End PBXVariantGroup section */

/* Begin XCBuildConfiguration section */
		1694F7CB1C8B21A50022531B /* Debug */ = {
			isa = XCBuildConfiguration;
			buildSettings = {
				ALWAYS_SEARCH_USER_PATHS = NO;
				CLANG_CXX_LANGUAGE_STANDARD = "gnu++0x";
				CLANG_CXX_LIBRARY = "libc++";
				CLANG_ENABLE_MODULES = YES;
				CLANG_ENABLE_OBJC_ARC = YES;
				CLANG_WARN_BOOL_CONVERSION = YES;
				CLANG_WARN_CONSTANT_CONVERSION = YES;
				CLANG_WARN_DIRECT_OBJC_ISA_USAGE = YES_ERROR;
				CLANG_WARN_EMPTY_BODY = YES;
				CLANG_WARN_ENUM_CONVERSION = YES;
				CLANG_WARN_INT_CONVERSION = YES;
				CLANG_WARN_OBJC_ROOT_CLASS = YES_ERROR;
				CLANG_WARN_UNREACHABLE_CODE = YES;
				CLANG_WARN__DUPLICATE_METHOD_MATCH = YES;
				"CODE_SIGN_IDENTITY[sdk=iphoneos*]" = "iPhone Developer";
				COPY_PHASE_STRIP = NO;
				DEBUG_INFORMATION_FORMAT = dwarf;
				ENABLE_STRICT_OBJC_MSGSEND = YES;
				ENABLE_TESTABILITY = YES;
				GCC_C_LANGUAGE_STANDARD = gnu99;
				GCC_DYNAMIC_NO_PIC = NO;
				GCC_NO_COMMON_BLOCKS = YES;
				GCC_OPTIMIZATION_LEVEL = 0;
				GCC_PREPROCESSOR_DEFINITIONS = (
					"DEBUG=1",
					"$(inherited)",
				);
				GCC_WARN_64_TO_32_BIT_CONVERSION = YES;
				GCC_WARN_ABOUT_RETURN_TYPE = YES_ERROR;
				GCC_WARN_UNDECLARED_SELECTOR = YES;
				GCC_WARN_UNINITIALIZED_AUTOS = YES_AGGRESSIVE;
				GCC_WARN_UNUSED_FUNCTION = YES;
				GCC_WARN_UNUSED_VARIABLE = YES;
				IPHONEOS_DEPLOYMENT_TARGET = 9.2;
				MTL_ENABLE_DEBUG_INFO = YES;
				ONLY_ACTIVE_ARCH = YES;
				SDKROOT = iphoneos;
				TARGETED_DEVICE_FAMILY = "1,2";
			};
			name = Debug;
		};
		1694F7CC1C8B21A50022531B /* Release */ = {
			isa = XCBuildConfiguration;
			buildSettings = {
				ALWAYS_SEARCH_USER_PATHS = NO;
				CLANG_CXX_LANGUAGE_STANDARD = "gnu++0x";
				CLANG_CXX_LIBRARY = "libc++";
				CLANG_ENABLE_MODULES = YES;
				CLANG_ENABLE_OBJC_ARC = YES;
				CLANG_WARN_BOOL_CONVERSION = YES;
				CLANG_WARN_CONSTANT_CONVERSION = YES;
				CLANG_WARN_DIRECT_OBJC_ISA_USAGE = YES_ERROR;
				CLANG_WARN_EMPTY_BODY = YES;
				CLANG_WARN_ENUM_CONVERSION = YES;
				CLANG_WARN_INT_CONVERSION = YES;
				CLANG_WARN_OBJC_ROOT_CLASS = YES_ERROR;
				CLANG_WARN_UNREACHABLE_CODE = YES;
				CLANG_WARN__DUPLICATE_METHOD_MATCH = YES;
				"CODE_SIGN_IDENTITY[sdk=iphoneos*]" = "iPhone Developer";
				COPY_PHASE_STRIP = NO;
				DEBUG_INFORMATION_FORMAT = "dwarf-with-dsym";
				ENABLE_NS_ASSERTIONS = NO;
				ENABLE_STRICT_OBJC_MSGSEND = YES;
				GCC_C_LANGUAGE_STANDARD = gnu99;
				GCC_NO_COMMON_BLOCKS = YES;
				GCC_WARN_64_TO_32_BIT_CONVERSION = YES;
				GCC_WARN_ABOUT_RETURN_TYPE = YES_ERROR;
				GCC_WARN_UNDECLARED_SELECTOR = YES;
				GCC_WARN_UNINITIALIZED_AUTOS = YES_AGGRESSIVE;
				GCC_WARN_UNUSED_FUNCTION = YES;
				GCC_WARN_UNUSED_VARIABLE = YES;
				IPHONEOS_DEPLOYMENT_TARGET = 9.2;
				MTL_ENABLE_DEBUG_INFO = NO;
				SDKROOT = iphoneos;
				TARGETED_DEVICE_FAMILY = "1,2";
				VALIDATE_PRODUCT = YES;
			};
			name = Release;
		};
		1694F7CE1C8B21A50022531B /* Debug */ = {
			isa = XCBuildConfiguration;
			buildSettings = {
				ASSETCATALOG_COMPILER_APPICON_NAME = AppIcon;
				INFOPLIST_FILE = SwiftOC/Info.plist;
				LD_RUNPATH_SEARCH_PATHS = "$(inherited) @executable_path/Frameworks";
				PRODUCT_BUNDLE_IDENTIFIER = cc.voto.SwiftOC;
				PRODUCT_NAME = "$(TARGET_NAME)";
			};
			name = Debug;
		};
		1694F7CF1C8B21A50022531B /* Release */ = {
			isa = XCBuildConfiguration;
			buildSettings = {
				ASSETCATALOG_COMPILER_APPICON_NAME = AppIcon;
				INFOPLIST_FILE = SwiftOC/Info.plist;
				LD_RUNPATH_SEARCH_PATHS = "$(inherited) @executable_path/Frameworks";
				PRODUCT_BUNDLE_IDENTIFIER = cc.voto.SwiftOC;
				PRODUCT_NAME = "$(TARGET_NAME)";
			};
			name = Release;
		};
/* End XCBuildConfiguration section */

/* Begin XCConfigurationList section */
		1694F7AE1C8B21A40022531B /* Build configuration list for PBXProject "SwiftOC" */ = {
			isa = XCConfigurationList;
			buildConfigurations = (
				1694F7CB1C8B21A50022531B /* Debug */,
				1694F7CC1C8B21A50022531B /* Release */,
			);
			defaultConfigurationIsVisible = 0;
			defaultConfigurationName = Release;
		};
		1694F7CD1C8B21A50022531B /* Build configuration list for PBXNativeTarget "SwiftOC" */ = {
			isa = XCConfigurationList;
			buildConfigurations = (
				1694F7CE1C8B21A50022531B /* Debug */,
				1694F7CF1C8B21A50022531B /* Release */,
			);
			defaultConfigurationIsVisible = 0;
		};
/* End XCConfigurationList section */
	};
	rootObject = 1694F7AB1C8B21A40022531B /* Project object */;
}
